{
  "name": "explain-cache-clear-timeout",
  "version": "1.0.0",
  "lockfileVersion": 1,
  "requires": true,
  "dependencies": {
    "explain": {
      "version": "file:../common/explain"
    },
    "explain-cache": {
      "version": "file:../common/explain-cache",
      "requires": {
        "explain": "file:../common/explain"
      },
      "dependencies": {
        "explain": {
          "version": "file:../common/explain"
        }
      }
    }
  }
}
