{
	"name": "get-accesstoken",
	"version": "1.0.0",
	"lockfileVersion": 1,
	"requires": true,
	"dependencies": {
		"explain": {
			"version": "file:../explain"
		},
		"explain-cache": {
			"version": "file:../explain-cache",
			"requires": {
				"explain": "file:../explain"
			},
			"dependencies": {
				"explain": {
					"version": "file:../explain"
				}
			}
		}
	}
}
