{
  "name": "v1",
  "version": "1.0.0",
  "lockfileVersion": 2,
  "requires": true,
  "packages": {
    "": {
      "name": "v1",
      "version": "1.0.0",
      "license": "ISC",
      "dependencies": {
        "explain": "file:../common/explain",
        "form-data-utils": "file:../common/form-data-utils",
        "ts-validate": "file:../common/tsbuffer-params-validate",
        "tsbuffer-params-validate": "file:../common/tsbuffer-params-validate",
        "uni-config-center": "file:../common/uni-config-center",
        "uni-id": "file:../common/uni-id",
        "uuid": "^8.3.2"
      },
      "devDependencies": {
        "@types/node": "^16.9.2"
      }
    },
    "../common/explain": {
      "version": "2.0.6",
      "license": "MIT"
    },
    "../common/form-data-utils": {
      "version": "1.0.1",
      "license": "Apache-2.0"
    },
    "../common/tsbuffer-params-validate": {
      "version": "1.0.0",
      "license": "ISC",
      "dependencies": {
        "tsbuffer-validator": "^2.0.4"
      }
    },
    "../common/uni-config-center": {
      "version": "0.0.2",
      "engines": {
        "HBuilderX": "^3.1.0"
      }
    },
    "../common/uni-id": {
      "version": "3.3.5",
      "license": "Apache-2.0",
      "dependencies": {
        "uni-config-center": "file:../uni-config-center"
      }
    },
    "node_modules/@types/node": {
      "version": "16.11.6",
      "resolved": "https://registry.npmjs.org/@types/node/-/node-16.11.6.tgz",
      "integrity": "sha512-ua7PgUoeQFjmWPcoo9khiPum3Pd60k4/2ZGXt18sm2Slk0W0xZTqt5Y0Ny1NyBiN1EVQ/+FaF9NcY4Qe6rwk5w==",
      "dev": true
    },
    "node_modules/explain": {
      "resolved": "../common/explain",
      "link": true
    },
    "node_modules/form-data-utils": {
      "resolved": "../common/form-data-utils",
      "link": true
    },
    "node_modules/ts-validate": {
      "resolved": "../common/tsbuffer-params-validate",
      "link": true
    },
    "node_modules/tsbuffer-params-validate": {
      "resolved": "../common/tsbuffer-params-validate",
      "link": true
    },
    "node_modules/uni-config-center": {
      "resolved": "../common/uni-config-center",
      "link": true
    },
    "node_modules/uni-id": {
      "resolved": "../common/uni-id",
      "link": true
    },
    "node_modules/uuid": {
      "version": "8.3.2",
      "resolved": "https://registry.npmjs.org/uuid/-/uuid-8.3.2.tgz",
      "integrity": "sha512-+NYs2QeMWy+GWFOEm9xnn6HCDp0l7QBD7ml8zLUmJ+93Q5NF0NocErnwkTkXVFNiX3/fpC6afS8Dhb/gz7R7eg==",
      "bin": {
        "uuid": "dist/bin/uuid"
      }
    }
  },
  "dependencies": {
    "@types/node": {
      "version": "16.11.6",
      "resolved": "https://registry.npmjs.org/@types/node/-/node-16.11.6.tgz",
      "integrity": "sha512-ua7PgUoeQFjmWPcoo9khiPum3Pd60k4/2ZGXt18sm2Slk0W0xZTqt5Y0Ny1NyBiN1EVQ/+FaF9NcY4Qe6rwk5w==",
      "dev": true
    },
    "explain": {
      "version": "file:../common/explain"
    },
    "form-data-utils": {
      "version": "file:../common/form-data-utils"
    },
    "ts-validate": {
      "version": "file:../common/tsbuffer-params-validate",
      "requires": {
        "tsbuffer-validator": "^2.0.4"
      }
    },
    "tsbuffer-params-validate": {
      "version": "file:../common/tsbuffer-params-validate",
      "requires": {
        "tsbuffer-validator": "^2.0.4"
      }
    },
    "uni-config-center": {
      "version": "file:../common/uni-config-center"
    },
    "uni-id": {
      "version": "file:../common/uni-id",
      "requires": {
        "uni-config-center": "file:../uni-config-center"
      }
    },
    "uuid": {
      "version": "8.3.2",
      "resolved": "https://registry.npmjs.org/uuid/-/uuid-8.3.2.tgz",
      "integrity": "sha512-+NYs2QeMWy+GWFOEm9xnn6HCDp0l7QBD7ml8zLUmJ+93Q5NF0NocErnwkTkXVFNiX3/fpC6afS8Dhb/gz7R7eg=="
    }
  }
}
