{
  "name": "application",
  "version": "1.0.0",
  "lockfileVersion": 1,
  "requires": true,
  "dependencies": {
    "@types/node": {
      "version": "16.7.10",
      "resolved": "https://registry.npmjs.org/@types/node/-/node-16.7.10.tgz",
      "integrity": "sha512-S63Dlv4zIPb8x6MMTgDq5WWRJQe56iBEY0O3SOFA9JrRienkOVDXSXBjjJw6HTNQYSE2JI6GMCR6LVbIMHJVvA==",
      "dev": true
    },
    "app-tools": {
      "version": "file:../common/app-tools",
      "requires": {
        "uni-id": "file:../common/uni-id"
      },
      "dependencies": {
        "uni-id": {
          "version": "file:../common/uni-id",
          "requires": {
            "uni-config-center": "file:../../../../uni-config-center/uniCloud/cloudfunctions/common/uni-config-center"
          },
          "dependencies": {
            "uni-config-center": {
              "version": "file:../../../../uni-config-center/uniCloud/cloudfunctions/common/uni-config-center"
            }
          }
        }
      }
    },
    "explain": {
      "version": "file:../common/explain"
    },
    "form-data-utils": {
      "version": "file:../common/form-data-utils"
    },
    "uni-config-center": {
      "version": "file:../common/uni-config-center"
    },
    "uni-id": {
      "version": "file:../common/uni-id",
      "requires": {
        "uni-config-center": "file:../../../../uni-config-center/uniCloud/cloudfunctions/common/uni-config-center"
      },
      "dependencies": {
        "uni-config-center": {
          "version": "file:../../../../uni-config-center/uniCloud/cloudfunctions/common/uni-config-center"
        }
      }
    }
  }
}
