{
  "name": "application",
  "version": "1.0.0",
  "lockfileVersion": 1,
  "requires": true,
  "dependencies": {
    "app-tools": {
      "version": "file:../common/app-tools",
      "requires": {
        "uni-id": "file:../common/uni-id"
      },
      "dependencies": {
        "uni-id": {
          "version": "file:../common/uni-id"
        }
      }
    },
    "content-security": {
      "version": "file:../common/content-security",
      "requires": {
        "get-accesstoken": "file:../common/get-accesstoken"
      },
      "dependencies": {
        "get-accesstoken": {
          "version": "file:../common/get-accesstoken",
          "requires": {
            "explain": "file:../common/explain",
            "explain-cache": "file:../common/explain-cache"
          },
          "dependencies": {
            "explain": {
              "version": "file:../common/explain"
            },
            "explain-cache": {
              "version": "file:../common/explain-cache",
              "requires": {
                "explain": "file:../common/explain"
              },
              "dependencies": {
                "explain": {
                  "version": "file:../common/explain"
                }
              }
            }
          }
        }
      }
    },
    "explain": {
      "version": "file:../common/explain"
    },
    "form-data-utils": {
      "version": "file:../common/form-data-utils"
    },
    "sensitive-word-filter": {
      "version": "file:../common/fastscan"
    },
    "uni-id": {
      "version": "file:../common/uni-id"
    }
  }
}
