{
  "name": "application",
  "version": "1.0.0",
  "lockfileVersion": 1,
  "requires": true,
  "dependencies": {
    "app-tools": {
      "version": "file:../common/app-tools",
      "requires": {
        "uni-id": "file:../common/uni-id"
      },
      "dependencies": {
        "uni-id": {
          "version": "file:../common/uni-id"
        }
      }
    },
    "content-security": {
      "version": "file:../common/content-security"
    },
    "explain": {
      "version": "file:../common/explain"
    },
    "fastscan": {
      "version": "file:../common/fastscan"
    },
    "form-data-utils": {
      "version": "file:../common/form-data-utils"
    },
    "sensitive-word-filter": {
      "version": "file:../common/fastscan"
    },
    "uni-id": {
      "version": "file:../common/uni-id"
    }
  }
}
