# THIS IS AN AUTOGENERATED FILE. DO NOT EDIT THIS FILE DIRECTLY.
# yarn lockfile v1


"app-tools@file:../common/app-tools":
  version "1.0.0"
  dependencies:
    uni-id "file:C:/Users/shen。/AppData/Local/Yarn/Cache/v6/npm-app-tools-1.0.0-462d63f4-4aaa-4719-a133-b1b59e7ca4e1-1620181480165/node_modules/uni-id"

"content-security@file:../common/content-security":
  version "1.0.0"
  dependencies:
    get-accesstoken "file:C:/Users/shen。/AppData/Local/Yarn/Cache/v6/npm-content-security-1.0.0-c2c634f5-dd6d-4976-9285-095c132a2a52-1620181480170/node_modules/get-accesstoken"

"explain-cache@file:../common/explain-cache":
  version "1.0.1"
  dependencies:
    explain "file:C:/Users/shen。/AppData/Local/Yarn/Cache/v6/npm-explain-cache-1.0.1-8026a888-c45a-47ce-ac44-a75808dfe66f-1620181480175/node_modules/explain"

"explain@file:../common/explain":
  version "1.0.88"

"fastscan@file:../common/fastscan":
  version "1.0.2"

"form-data-utils@file:../common/form-data-utils":
  version "1.0.1"

"get-accesstoken@file:../common/get-accesstoken":
  version "1.0.0"
  dependencies:
    explain "file:C:/Users/shen。/AppData/Local/Yarn/Cache/v6/npm-get-accesstoken-1.0.0-bcc41886-297d-483a-a286-01c9cfb3ba0a-1620181480172/node_modules/explain"
    explain-cache "file:C:/Users/shen。/AppData/Local/Yarn/Cache/v6/npm-get-accesstoken-1.0.0-bcc41886-297d-483a-a286-01c9cfb3ba0a-1620181480172/node_modules/explain-cache"

"sensitive-word-filter@file:../common/fastscan":
  version "1.0.2"

"uni-id@file:../common/uni-id":
  version "3.0.4"
