# THIS IS AN AUTOGENERATED FILE. DO NOT EDIT THIS FILE DIRECTLY.
# yarn lockfile v1


"app-tools@file:../common/app-tools":
  version "1.0.0"
  dependencies:
    uni-id "file:C:/Users/shen。/AppData/Local/Yarn/Cache/v6/npm-app-tools-1.0.0-18bbee9e-ec51-4c00-aba5-897260be9874-1620255509916/node_modules/uni-id"

"content-security@file:../common/content-security":
  version "1.0.0"
  dependencies:
    get-accesstoken "file:C:/Users/shen。/AppData/Local/Yarn/Cache/v6/npm-content-security-1.0.0-7c344a0e-7f45-49f3-b223-03fb7b779173-1620255509921/node_modules/get-accesstoken"

"explain-cache@file:../common/explain-cache":
  version "1.0.1"
  dependencies:
    explain "file:C:/Users/shen。/AppData/Local/Yarn/Cache/v6/npm-explain-cache-1.0.1-895791c1-a977-492a-93c3-40f40a40ecd1-1620255509925/node_modules/explain"

"explain@file:../common/explain":
  version "1.0.88"

"form-data-utils@file:../common/form-data-utils":
  version "1.0.1"

"get-accesstoken@file:../common/get-accesstoken":
  version "1.0.0"
  dependencies:
    explain "file:C:/Users/shen。/AppData/Local/Yarn/Cache/v6/npm-get-accesstoken-1.0.0-44ac8da3-a8e6-4ab4-a137-8c955d886a6e-1620255509923/node_modules/explain"
    explain-cache "file:C:/Users/shen。/AppData/Local/Yarn/Cache/v6/npm-get-accesstoken-1.0.0-44ac8da3-a8e6-4ab4-a137-8c955d886a6e-1620255509923/node_modules/explain-cache"

"sensitive-word-filter@file:../common/fastscan":
  version "1.0.2"

"uni-id@file:../common/uni-id":
  version "3.0.4"
